
Microsoft Visual Studio Solution File, Format Version 12.00
Project("{FAE04EC0-301F-11D3-BF4B-00C04F79EFBC}") = "Tiny_Compiler", "Tiny_Compiler.csproj", "{C1D0CB5D-D702-4ED8-824E-75AFE0E8BC48}"
EndProject
Global
	GlobalSection(SolutionConfigurationPlatforms) = preSolution
		Debug|Any CPU = Debug|Any CPU
		Release|Any CPU = Release|Any CPU
	EndGlobalSection
	GlobalSection(ProjectConfigurationPlatforms) = postSolution
		{C1D0CB5D-D702-4ED8-824E-75AFE0E8BC48}.Debug|Any CPU.ActiveCfg = Debug|Any CPU
		{C1D0CB5D-D702-4ED8-824E-75AFE0E8BC48}.Debug|Any CPU.Build.0 = Debug|Any CPU
		{C1D0CB5D-D702-4ED8-824E-75AFE0E8BC48}.Release|Any CPU.ActiveCfg = Release|Any CPU
		{C1D0CB5D-D702-4ED8-824E-75AFE0E8BC48}.Release|Any CPU.Build.0 = Release|Any CPU
	EndGlobalSection
EndGlobal
